{
  "object": {
    "pins": [
      {
        "package": "AC_iOS_NET",
        "repositoryURL": "https://bitbucket.org/relative_localization/ac_ios_net.git",
        "state": {
          "branch": null,
          "revision": "0bae3f0c63716d03de756dc445d668bace164e06",
          "version": "1.0.31"
        }
      }
    ]
  },
  "version": 1
}
