{
  "object": {
    "pins": [
      {
        "package": "AC_iOS_AR",
        "repositoryURL": "https://github.com/vergendo-ac/AC_iOS_AR.git",
        "state": {
          "branch": null,
          "revision": "73f7dcc68de84b9075386d7e4b32acb82ac18e64",
          "version": "1.0.3"
        }
      },
      {
        "package": "AC_iOS_NET",
        "repositoryURL": "https://github.com/vergendo-ac/AC_iOS_NET.git",
        "state": {
          "branch": null,
          "revision": "caf598bad40d869945b758013199c6eb0325c9f1",
          "version": "1.0.53"
        }
      },
      {
        "package": "SwiftyJSON",
        "repositoryURL": "https://github.com/SwiftyJSON/SwiftyJSON.git",
        "state": {
          "branch": null,
          "revision": "2b6054efa051565954e1d2b9da831680026cd768",
          "version": "4.3.0"
        }
      }
    ]
  },
  "version": 1
}
