{
  "object": {
    "pins": [
      {
        "package": "AC_iOS_NET",
        "repositoryURL": "https://lammax:987_,Bn,frTn_123@bitbucket.org/relative_localization/ac_ios_net.git",
        "state": {
          "branch": null,
          "revision": "496423ae57b38a2d63900c7c5ab7500e93fb5581",
          "version": "1.0.49"
        }
      }
    ]
  },
  "version": 1
}
