// !$*UTF8*$!
{
	archiveVersion = 1;
	classes = {
	};
	objectVersion = 50;
	objects = {

/* Begin PBXBuildFile section */
		048FE6092525EA8F00DAD4D4 /* AC_demoApp.swift in Sources */ = {isa = PBXBuildFile; fileRef = 048FE6082525EA8F00DAD4D4 /* AC_demoApp.swift */; };
		048FE60D2525EA9100DAD4D4 /* Assets.xcassets in Resources */ = {isa = PBXBuildFile; fileRef = 048FE60C2525EA9100DAD4D4 /* Assets.xcassets */; };
		048FE6102525EA9100DAD4D4 /* Preview Assets.xcassets in Resources */ = {isa = PBXBuildFile; fileRef = 048FE60F2525EA9100DAD4D4 /* Preview Assets.xcassets */; };
		048FE6232525F01B00DAD4D4 /* ARCameraView.swift in Sources */ = {isa = PBXBuildFile; fileRef = 048FE6222525F01B00DAD4D4 /* ARCameraView.swift */; };
		048FE6282525F09100DAD4D4 /* LocationManager.swift in Sources */ = {isa = PBXBuildFile; fileRef = 048FE6272525F09100DAD4D4 /* LocationManager.swift */; };
		048FE62F2525F10A00DAD4D4 /* ARScreenIntent.swift in Sources */ = {isa = PBXBuildFile; fileRef = 048FE62C2525F10A00DAD4D4 /* ARScreenIntent.swift */; };
		048FE6302525F10A00DAD4D4 /* ARScreenView.swift in Sources */ = {isa = PBXBuildFile; fileRef = 048FE62D2525F10A00DAD4D4 /* ARScreenView.swift */; };
		048FE6312525F10A00DAD4D4 /* ARScreenModel.swift in Sources */ = {isa = PBXBuildFile; fileRef = 048FE62E2525F10A00DAD4D4 /* ARScreenModel.swift */; };
		048FE63D2525F90B00DAD4D4 /* art.scnassets in Resources */ = {isa = PBXBuildFile; fileRef = 048FE63C2525F90B00DAD4D4 /* art.scnassets */; };
		048FE6442525FE9500DAD4D4 /* README.md in Resources */ = {isa = PBXBuildFile; fileRef = 048FE6432525FE9500DAD4D4 /* README.md */; };
/* End PBXBuildFile section */

/* Begin PBXFileReference section */
		048FE6052525EA8F00DAD4D4 /* AC_demo.app */ = {isa = PBXFileReference; explicitFileType = wrapper.application; includeInIndex = 0; path = AC_demo.app; sourceTree = BUILT_PRODUCTS_DIR; };
		048FE6082525EA8F00DAD4D4 /* AC_demoApp.swift */ = {isa = PBXFileReference; lastKnownFileType = sourcecode.swift; path = AC_demoApp.swift; sourceTree = "<group>"; };
		048FE60C2525EA9100DAD4D4 /* Assets.xcassets */ = {isa = PBXFileReference; lastKnownFileType = folder.assetcatalog; path = Assets.xcassets; sourceTree = "<group>"; };
		048FE60F2525EA9100DAD4D4 /* Preview Assets.xcassets */ = {isa = PBXFileReference; lastKnownFileType = folder.assetcatalog; path = "Preview Assets.xcassets"; sourceTree = "<group>"; };
		048FE6112525EA9100DAD4D4 /* Info.plist */ = {isa = PBXFileReference; lastKnownFileType = text.plist.xml; path = Info.plist; sourceTree = "<group>"; };
		048FE6222525F01B00DAD4D4 /* ARCameraView.swift */ = {isa = PBXFileReference; lastKnownFileType = sourcecode.swift; path = ARCameraView.swift; sourceTree = "<group>"; };
		048FE6272525F09100DAD4D4 /* LocationManager.swift */ = {isa = PBXFileReference; lastKnownFileType = sourcecode.swift; path = LocationManager.swift; sourceTree = "<group>"; };
		048FE62C2525F10A00DAD4D4 /* ARScreenIntent.swift */ = {isa = PBXFileReference; lastKnownFileType = sourcecode.swift; path = ARScreenIntent.swift; sourceTree = "<group>"; };
		048FE62D2525F10A00DAD4D4 /* ARScreenView.swift */ = {isa = PBXFileReference; lastKnownFileType = sourcecode.swift; path = ARScreenView.swift; sourceTree = "<group>"; };
		048FE62E2525F10A00DAD4D4 /* ARScreenModel.swift */ = {isa = PBXFileReference; lastKnownFileType = sourcecode.swift; path = ARScreenModel.swift; sourceTree = "<group>"; };
		048FE63C2525F90B00DAD4D4 /* art.scnassets */ = {isa = PBXFileReference; lastKnownFileType = wrapper.scnassets; path = art.scnassets; sourceTree = "<group>"; };
		048FE6432525FE9500DAD4D4 /* README.md */ = {isa = PBXFileReference; lastKnownFileType = net.daringfireball.markdown; path = README.md; sourceTree = "<group>"; };
/* End PBXFileReference section */

/* Begin PBXFrameworksBuildPhase section */
		048FE6022525EA8F00DAD4D4 /* Frameworks */ = {
			isa = PBXFrameworksBuildPhase;
			buildActionMask = 2147483647;
			files = (
			);
			runOnlyForDeploymentPostprocessing = 0;
		};
/* End PBXFrameworksBuildPhase section */

/* Begin PBXGroup section */
		048FE5FC2525EA8F00DAD4D4 = {
			isa = PBXGroup;
			children = (
				048FE6432525FE9500DAD4D4 /* README.md */,
				048FE6202525EFEB00DAD4D4 /* Lib */,
				048FE6072525EA8F00DAD4D4 /* AC_demo */,
				048FE6062525EA8F00DAD4D4 /* Products */,
			);
			sourceTree = "<group>";
		};
		048FE6062525EA8F00DAD4D4 /* Products */ = {
			isa = PBXGroup;
			children = (
				048FE6052525EA8F00DAD4D4 /* AC_demo.app */,
			);
			name = Products;
			sourceTree = "<group>";
		};
		048FE6072525EA8F00DAD4D4 /* AC_demo */ = {
			isa = PBXGroup;
			children = (
				048FE6402525F98100DAD4D4 /* Resouces */,
				048FE62A2525F0E900DAD4D4 /* Screens */,
				048FE6082525EA8F00DAD4D4 /* AC_demoApp.swift */,
				048FE6112525EA9100DAD4D4 /* Info.plist */,
				048FE60E2525EA9100DAD4D4 /* Preview Content */,
			);
			path = AC_demo;
			sourceTree = "<group>";
		};
		048FE60E2525EA9100DAD4D4 /* Preview Content */ = {
			isa = PBXGroup;
			children = (
				048FE60F2525EA9100DAD4D4 /* Preview Assets.xcassets */,
			);
			path = "Preview Content";
			sourceTree = "<group>";
		};
		048FE6202525EFEB00DAD4D4 /* Lib */ = {
			isa = PBXGroup;
			children = (
				048FE6262525F08300DAD4D4 /* Managers */,
				048FE6212525EFF000DAD4D4 /* Components */,
			);
			path = Lib;
			sourceTree = "<group>";
		};
		048FE6212525EFF000DAD4D4 /* Components */ = {
			isa = PBXGroup;
			children = (
				048FE6222525F01B00DAD4D4 /* ARCameraView.swift */,
			);
			path = Components;
			sourceTree = "<group>";
		};
		048FE6262525F08300DAD4D4 /* Managers */ = {
			isa = PBXGroup;
			children = (
				048FE6272525F09100DAD4D4 /* LocationManager.swift */,
			);
			path = Managers;
			sourceTree = "<group>";
		};
		048FE62A2525F0E900DAD4D4 /* Screens */ = {
			isa = PBXGroup;
			children = (
				048FE62B2525F0EF00DAD4D4 /* ARScreen */,
			);
			path = Screens;
			sourceTree = "<group>";
		};
		048FE62B2525F0EF00DAD4D4 /* ARScreen */ = {
			isa = PBXGroup;
			children = (
				048FE62D2525F10A00DAD4D4 /* ARScreenView.swift */,
				048FE62C2525F10A00DAD4D4 /* ARScreenIntent.swift */,
				048FE62E2525F10A00DAD4D4 /* ARScreenModel.swift */,
			);
			path = ARScreen;
			sourceTree = "<group>";
		};
		048FE6402525F98100DAD4D4 /* Resouces */ = {
			isa = PBXGroup;
			children = (
				048FE60C2525EA9100DAD4D4 /* Assets.xcassets */,
				048FE63C2525F90B00DAD4D4 /* art.scnassets */,
			);
			path = Resouces;
			sourceTree = "<group>";
		};
/* End PBXGroup section */

/* Begin PBXNativeTarget section */
		048FE6042525EA8F00DAD4D4 /* AC_demo */ = {
			isa = PBXNativeTarget;
			buildConfigurationList = 048FE6142525EA9100DAD4D4 /* Build configuration list for PBXNativeTarget "AC_demo" */;
			buildPhases = (
				048FE6012525EA8F00DAD4D4 /* Sources */,
				048FE6022525EA8F00DAD4D4 /* Frameworks */,
				048FE6032525EA8F00DAD4D4 /* Resources */,
			);
			buildRules = (
			);
			dependencies = (
			);
			name = AC_demo;
			packageProductDependencies = (
			);
			productName = AC_demo;
			productReference = 048FE6052525EA8F00DAD4D4 /* AC_demo.app */;
			productType = "com.apple.product-type.application";
		};
/* End PBXNativeTarget section */

/* Begin PBXProject section */
		048FE5FD2525EA8F00DAD4D4 /* Project object */ = {
			isa = PBXProject;
			attributes = {
				LastSwiftUpdateCheck = 1200;
				LastUpgradeCheck = 1200;
				TargetAttributes = {
					048FE6042525EA8F00DAD4D4 = {
						CreatedOnToolsVersion = 12.0.1;
					};
				};
			};
			buildConfigurationList = 048FE6002525EA8F00DAD4D4 /* Build configuration list for PBXProject "AC_demo" */;
			compatibilityVersion = "Xcode 9.3";
			developmentRegion = en;
			hasScannedForEncodings = 0;
			knownRegions = (
				en,
				Base,
			);
			mainGroup = 048FE5FC2525EA8F00DAD4D4;
			packageReferences = (
			);
			productRefGroup = 048FE6062525EA8F00DAD4D4 /* Products */;
			projectDirPath = "";
			projectRoot = "";
			targets = (
				048FE6042525EA8F00DAD4D4 /* AC_demo */,
			);
		};
/* End PBXProject section */

/* Begin PBXResourcesBuildPhase section */
		048FE6032525EA8F00DAD4D4 /* Resources */ = {
			isa = PBXResourcesBuildPhase;
			buildActionMask = 2147483647;
			files = (
				048FE6102525EA9100DAD4D4 /* Preview Assets.xcassets in Resources */,
				048FE63D2525F90B00DAD4D4 /* art.scnassets in Resources */,
				048FE6442525FE9500DAD4D4 /* README.md in Resources */,
				048FE60D2525EA9100DAD4D4 /* Assets.xcassets in Resources */,
			);
			runOnlyForDeploymentPostprocessing = 0;
		};
/* End PBXResourcesBuildPhase section */

/* Begin PBXSourcesBuildPhase section */
		048FE6012525EA8F00DAD4D4 /* Sources */ = {
			isa = PBXSourcesBuildPhase;
			buildActionMask = 2147483647;
			files = (
				048FE6232525F01B00DAD4D4 /* ARCameraView.swift in Sources */,
				048FE6312525F10A00DAD4D4 /* ARScreenModel.swift in Sources */,
				048FE62F2525F10A00DAD4D4 /* ARScreenIntent.swift in Sources */,
				048FE6282525F09100DAD4D4 /* LocationManager.swift in Sources */,
				048FE6302525F10A00DAD4D4 /* ARScreenView.swift in Sources */,
				048FE6092525EA8F00DAD4D4 /* AC_demoApp.swift in Sources */,
			);
			runOnlyForDeploymentPostprocessing = 0;
		};
/* End PBXSourcesBuildPhase section */

/* Begin XCBuildConfiguration section */
		048FE6122525EA9100DAD4D4 /* Debug */ = {
			isa = XCBuildConfiguration;
			buildSettings = {
				ALWAYS_SEARCH_USER_PATHS = NO;
				CLANG_ANALYZER_NONNULL = YES;
				CLANG_ANALYZER_NUMBER_OBJECT_CONVERSION = YES_AGGRESSIVE;
				CLANG_CXX_LANGUAGE_STANDARD = "gnu++14";
				CLANG_CXX_LIBRARY = "libc++";
				CLANG_ENABLE_MODULES = YES;
				CLANG_ENABLE_OBJC_ARC = YES;
				CLANG_ENABLE_OBJC_WEAK = YES;
				CLANG_WARN_BLOCK_CAPTURE_AUTORELEASING = YES;
				CLANG_WARN_BOOL_CONVERSION = YES;
				CLANG_WARN_COMMA = YES;
				CLANG_WARN_CONSTANT_CONVERSION = YES;
				CLANG_WARN_DEPRECATED_OBJC_IMPLEMENTATIONS = YES;
				CLANG_WARN_DIRECT_OBJC_ISA_USAGE = YES_ERROR;
				CLANG_WARN_DOCUMENTATION_COMMENTS = YES;
				CLANG_WARN_EMPTY_BODY = YES;
				CLANG_WARN_ENUM_CONVERSION = YES;
				CLANG_WARN_INFINITE_RECURSION = YES;
				CLANG_WARN_INT_CONVERSION = YES;
				CLANG_WARN_NON_LITERAL_NULL_CONVERSION = YES;
				CLANG_WARN_OBJC_IMPLICIT_RETAIN_SELF = YES;
				CLANG_WARN_OBJC_LITERAL_CONVERSION = YES;
				CLANG_WARN_OBJC_ROOT_CLASS = YES_ERROR;
				CLANG_WARN_QUOTED_INCLUDE_IN_FRAMEWORK_HEADER = YES;
				CLANG_WARN_RANGE_LOOP_ANALYSIS = YES;
				CLANG_WARN_STRICT_PROTOTYPES = YES;
				CLANG_WARN_SUSPICIOUS_MOVE = YES;
				CLANG_WARN_UNGUARDED_AVAILABILITY = YES_AGGRESSIVE;
				CLANG_WARN_UNREACHABLE_CODE = YES;
				CLANG_WARN__DUPLICATE_METHOD_MATCH = YES;
				COPY_PHASE_STRIP = NO;
				DEBUG_INFORMATION_FORMAT = dwarf;
				ENABLE_STRICT_OBJC_MSGSEND = YES;
				ENABLE_TESTABILITY = YES;
				GCC_C_LANGUAGE_STANDARD = gnu11;
				GCC_DYNAMIC_NO_PIC = NO;
				GCC_NO_COMMON_BLOCKS = YES;
				GCC_OPTIMIZATION_LEVEL = 0;
				GCC_PREPROCESSOR_DEFINITIONS = (
					"DEBUG=1",
					"$(inherited)",
				);
				GCC_WARN_64_TO_32_BIT_CONVERSION = YES;
				GCC_WARN_ABOUT_RETURN_TYPE = YES_ERROR;
				GCC_WARN_UNDECLARED_SELECTOR = YES;
				GCC_WARN_UNINITIALIZED_AUTOS = YES_AGGRESSIVE;
				GCC_WARN_UNUSED_FUNCTION = YES;
				GCC_WARN_UNUSED_VARIABLE = YES;
				IPHONEOS_DEPLOYMENT_TARGET = 14.0;
				MTL_ENABLE_DEBUG_INFO = INCLUDE_SOURCE;
				MTL_FAST_MATH = YES;
				ONLY_ACTIVE_ARCH = YES;
				SDKROOT = iphoneos;
				SWIFT_ACTIVE_COMPILATION_CONDITIONS = DEBUG;
				SWIFT_OPTIMIZATION_LEVEL = "-Onone";
			};
			name = Debug;
		};
		048FE6132525EA9100DAD4D4 /* Release */ = {
			isa = XCBuildConfiguration;
			buildSettings = {
				ALWAYS_SEARCH_USER_PATHS = NO;
				CLANG_ANALYZER_NONNULL = YES;
				CLANG_ANALYZER_NUMBER_OBJECT_CONVERSION = YES_AGGRESSIVE;
				CLANG_CXX_LANGUAGE_STANDARD = "gnu++14";
				CLANG_CXX_LIBRARY = "libc++";
				CLANG_ENABLE_MODULES = YES;
				CLANG_ENABLE_OBJC_ARC = YES;
				CLANG_ENABLE_OBJC_WEAK = YES;
				CLANG_WARN_BLOCK_CAPTURE_AUTORELEASING = YES;
				CLANG_WARN_BOOL_CONVERSION = YES;
				CLANG_WARN_COMMA = YES;
				CLANG_WARN_CONSTANT_CONVERSION = YES;
				CLANG_WARN_DEPRECATED_OBJC_IMPLEMENTATIONS = YES;
				CLANG_WARN_DIRECT_OBJC_ISA_USAGE = YES_ERROR;
				CLANG_WARN_DOCUMENTATION_COMMENTS = YES;
				CLANG_WARN_EMPTY_BODY = YES;
				CLANG_WARN_ENUM_CONVERSION = YES;
				CLANG_WARN_INFINITE_RECURSION = YES;
				CLANG_WARN_INT_CONVERSION = YES;
				CLANG_WARN_NON_LITERAL_NULL_CONVERSION = YES;
				CLANG_WARN_OBJC_IMPLICIT_RETAIN_SELF = YES;
				CLANG_WARN_OBJC_LITERAL_CONVERSION = YES;
				CLANG_WARN_OBJC_ROOT_CLASS = YES_ERROR;
				CLANG_WARN_QUOTED_INCLUDE_IN_FRAMEWORK_HEADER = YES;
				CLANG_WARN_RANGE_LOOP_ANALYSIS = YES;
				CLANG_WARN_STRICT_PROTOTYPES = YES;
				CLANG_WARN_SUSPICIOUS_MOVE = YES;
				CLANG_WARN_UNGUARDED_AVAILABILITY = YES_AGGRESSIVE;
				CLANG_WARN_UNREACHABLE_CODE = YES;
				CLANG_WARN__DUPLICATE_METHOD_MATCH = YES;
				COPY_PHASE_STRIP = NO;
				DEBUG_INFORMATION_FORMAT = "dwarf-with-dsym";
				ENABLE_NS_ASSERTIONS = NO;
				ENABLE_STRICT_OBJC_MSGSEND = YES;
				GCC_C_LANGUAGE_STANDARD = gnu11;
				GCC_NO_COMMON_BLOCKS = YES;
				GCC_WARN_64_TO_32_BIT_CONVERSION = YES;
				GCC_WARN_ABOUT_RETURN_TYPE = YES_ERROR;
				GCC_WARN_UNDECLARED_SELECTOR = YES;
				GCC_WARN_UNINITIALIZED_AUTOS = YES_AGGRESSIVE;
				GCC_WARN_UNUSED_FUNCTION = YES;
				GCC_WARN_UNUSED_VARIABLE = YES;
				IPHONEOS_DEPLOYMENT_TARGET = 14.0;
				MTL_ENABLE_DEBUG_INFO = NO;
				MTL_FAST_MATH = YES;
				SDKROOT = iphoneos;
				SWIFT_COMPILATION_MODE = wholemodule;
				SWIFT_OPTIMIZATION_LEVEL = "-O";
				VALIDATE_PRODUCT = YES;
			};
			name = Release;
		};
		048FE6152525EA9100DAD4D4 /* Debug */ = {
			isa = XCBuildConfiguration;
			buildSettings = {
				ASSETCATALOG_COMPILER_APPICON_NAME = AppIcon;
				ASSETCATALOG_COMPILER_GLOBAL_ACCENT_COLOR_NAME = AccentColor;
				CODE_SIGN_STYLE = Automatic;
				DEVELOPMENT_ASSET_PATHS = "\"AC_demo/Preview Content\"";
				DEVELOPMENT_TEAM = LWP7ZTFLYA;
				ENABLE_PREVIEWS = YES;
				INFOPLIST_FILE = AC_demo/Info.plist;
				IPHONEOS_DEPLOYMENT_TARGET = 14.0;
				LD_RUNPATH_SEARCH_PATHS = (
					"$(inherited)",
					"@executable_path/Frameworks",
				);
				PRODUCT_BUNDLE_IDENTIFIER = "com.unit.ac.ios.sdk.AC-demo";
				PRODUCT_NAME = "$(TARGET_NAME)";
				SWIFT_VERSION = 5.0;
				TARGETED_DEVICE_FAMILY = "1,2";
			};
			name = Debug;
		};
		048FE6162525EA9100DAD4D4 /* Release */ = {
			isa = XCBuildConfiguration;
			buildSettings = {
				ASSETCATALOG_COMPILER_APPICON_NAME = AppIcon;
				ASSETCATALOG_COMPILER_GLOBAL_ACCENT_COLOR_NAME = AccentColor;
				CODE_SIGN_STYLE = Automatic;
				DEVELOPMENT_ASSET_PATHS = "\"AC_demo/Preview Content\"";
				DEVELOPMENT_TEAM = LWP7ZTFLYA;
				ENABLE_PREVIEWS = YES;
				INFOPLIST_FILE = AC_demo/Info.plist;
				IPHONEOS_DEPLOYMENT_TARGET = 14.0;
				LD_RUNPATH_SEARCH_PATHS = (
					"$(inherited)",
					"@executable_path/Frameworks",
				);
				PRODUCT_BUNDLE_IDENTIFIER = "com.unit.ac.ios.sdk.AC-demo";
				PRODUCT_NAME = "$(TARGET_NAME)";
				SWIFT_VERSION = 5.0;
				TARGETED_DEVICE_FAMILY = "1,2";
			};
			name = Release;
		};
/* End XCBuildConfiguration section */

/* Begin XCConfigurationList section */
		048FE6002525EA8F00DAD4D4 /* Build configuration list for PBXProject "AC_demo" */ = {
			isa = XCConfigurationList;
			buildConfigurations = (
				048FE6122525EA9100DAD4D4 /* Debug */,
				048FE6132525EA9100DAD4D4 /* Release */,
			);
			defaultConfigurationIsVisible = 0;
			defaultConfigurationName = Release;
		};
		048FE6142525EA9100DAD4D4 /* Build configuration list for PBXNativeTarget "AC_demo" */ = {
			isa = XCConfigurationList;
			buildConfigurations = (
				048FE6152525EA9100DAD4D4 /* Debug */,
				048FE6162525EA9100DAD4D4 /* Release */,
			);
			defaultConfigurationIsVisible = 0;
			defaultConfigurationName = Release;
		};
/* End XCConfigurationList section */
	};
	rootObject = 048FE5FD2525EA8F00DAD4D4 /* Project object */;
}
