{
  "object": {
    "pins": [
      {
        "package": "AC_iOS_AR",
        "repositoryURL": "https://github.com/vergendo-ac/AC_iOS_AR.git",
        "state": {
          "branch": null,
          "revision": "51d012bdf8fb914cb12507c2f693c0d9354675c8",
          "version": "2.0.8"
        }
      },
      {
        "package": "AC_iOS_NET",
        "repositoryURL": "https://github.com/vergendo-ac/AC_iOS_NET.git",
        "state": {
          "branch": null,
          "revision": "a5e4e2ebf2e9b13a4f391baf869555c5e04e5b7a",
          "version": "2.0.4"
        }
      },
      {
        "package": "AC_iOS_SDK",
        "repositoryURL": "https://github.com/vergendo-ac/AC_iOS_SDK.git",
        "state": {
          "branch": null,
          "revision": "6951e06e75252f9353f446da0ee2c4d125546cdc",
          "version": "2.0.16"
        }
      },
      {
        "package": "SwiftyJSON",
        "repositoryURL": "https://github.com/SwiftyJSON/SwiftyJSON.git",
        "state": {
          "branch": null,
          "revision": "2b6054efa051565954e1d2b9da831680026cd768",
          "version": "4.3.0"
        }
      }
    ]
  },
  "version": 1
}
