{
  "object": {
    "pins": [
      {
        "package": "AC_iOS_AR",
        "repositoryURL": "https://github.com/vergendo-ac/AC_iOS_AR.git",
        "state": {
          "branch": null,
          "revision": "0fd6138e5f71efca612f330befdef52270c09806",
          "version": "2.0.7"
        }
      },
      {
        "package": "AC_iOS_NET",
        "repositoryURL": "https://github.com/vergendo-ac/AC_iOS_NET.git",
        "state": {
          "branch": null,
          "revision": "a5e4e2ebf2e9b13a4f391baf869555c5e04e5b7a",
          "version": "2.0.4"
        }
      },
      {
        "package": "AC_iOS_SDK",
        "repositoryURL": "https://github.com/vergendo-ac/AC_iOS_SDK.git",
        "state": {
          "branch": null,
          "revision": "e624c4b304f3a16e1050812bd6d635a69d2a4010",
          "version": "2.0.15"
        }
      },
      {
        "package": "SwiftyJSON",
        "repositoryURL": "https://github.com/SwiftyJSON/SwiftyJSON.git",
        "state": {
          "branch": null,
          "revision": "2b6054efa051565954e1d2b9da831680026cd768",
          "version": "4.3.0"
        }
      }
    ]
  },
  "version": 1
}
